
Microsoft Visual Studio Solution File, Format Version 12.00
# Visual Studio Version 16
VisualStudioVersion = 16.0.31205.134
MinimumVisualStudioVersion = 10.0.40219.1
Project("{FAE04EC0-301F-11D3-BF4B-00C04F79EFBC}") = "train12306", "train12306\train12306.csproj", "{E8BCF09A-CCA0-4042-B43B-3B4B511067AD}"
EndProject
Global
	GlobalSection(SolutionConfigurationPlatforms) = preSolution
		Debug|Any CPU = Debug|Any CPU
		Release|Any CPU = Release|Any CPU
	EndGlobalSection
	GlobalSection(ProjectConfigurationPlatforms) = postSolution
		{E8BCF09A-CCA0-4042-B43B-3B4B511067AD}.Debug|Any CPU.ActiveCfg = Debug|Any CPU
		{E8BCF09A-CCA0-4042-B43B-3B4B511067AD}.Debug|Any CPU.Build.0 = Debug|Any CPU
		{E8BCF09A-CCA0-4042-B43B-3B4B511067AD}.Release|Any CPU.ActiveCfg = Release|Any CPU
		{E8BCF09A-CCA0-4042-B43B-3B4B511067AD}.Release|Any CPU.Build.0 = Release|Any CPU
	EndGlobalSection
	GlobalSection(SolutionProperties) = preSolution
		HideSolutionNode = FALSE
	EndGlobalSection
	GlobalSection(ExtensibilityGlobals) = postSolution
		SolutionGuid = {1A21C31F-1ABD-4975-99DD-C4D26320D2DE}
	EndGlobalSection
EndGlobal
