
Microsoft Visual Studio Solution File, Format Version 12.00
# Visual Studio 15
VisualStudioVersion = 15.0.28307.329
MinimumVisualStudioVersion = 10.0.40219.1
Project("{FAE04EC0-301F-11D3-BF4B-00C04F79EFBC}") = "train12306", "train12306\train12306.csproj", "{5F20CF2A-3474-4E3D-9986-D258B6D2E7C3}"
EndProject
Global
	GlobalSection(SolutionConfigurationPlatforms) = preSolution
		Debug|Any CPU = Debug|Any CPU
		Release|Any CPU = Release|Any CPU
	EndGlobalSection
	GlobalSection(ProjectConfigurationPlatforms) = postSolution
		{5F20CF2A-3474-4E3D-9986-D258B6D2E7C3}.Debug|Any CPU.ActiveCfg = Debug|Any CPU
		{5F20CF2A-3474-4E3D-9986-D258B6D2E7C3}.Debug|Any CPU.Build.0 = Debug|Any CPU
		{5F20CF2A-3474-4E3D-9986-D258B6D2E7C3}.Release|Any CPU.ActiveCfg = Release|Any CPU
		{5F20CF2A-3474-4E3D-9986-D258B6D2E7C3}.Release|Any CPU.Build.0 = Release|Any CPU
	EndGlobalSection
	GlobalSection(SolutionProperties) = preSolution
		HideSolutionNode = FALSE
	EndGlobalSection
	GlobalSection(ExtensibilityGlobals) = postSolution
		SolutionGuid = {1A21C31F-1ABD-4975-99DD-C4D26320D2DE}
	EndGlobalSection
EndGlobal
